
Microsoft Visual Studio Solution File, Format Version 12.00
# Visual Studio Version 17
VisualStudioVersion = 17.9.34728.123
MinimumVisualStudioVersion = 10.0.40219.1
Project("{2150E333-8FDC-42A3-9474-1A3956D46DE8}") = "FrontEnd", "FrontEnd", "{D3547966-7360-42F0-BBB6-6BCC6251573C}"
EndProject
Project("{2150E333-8FDC-42A3-9474-1A3956D46DE8}") = "Gateway", "Gateway", "{3638D28B-A443-47A6-9687-095C27A0F611}"
EndProject
Project("{2150E333-8FDC-42A3-9474-1A3956D46DE8}") = "Integration", "Integration", "{F83055E9-EF47-4A6E-8C06-3CBBAE425B81}"
EndProject
Project("{2150E333-8FDC-42A3-9474-1A3956D46DE8}") = "Services", "Services", "{3DDCA9F7-5400-4CDE-AE1D-FCC04A9CE461}"
EndProject
Project("{9A19103F-16F7-4668-BE54-9A1E7A4F7556}") = "Mango.Services.CouponAPI", "Mango.Services.CouponAPI\Mango.Services.CouponAPI.csproj", "{AB8EAA32-4046-4EB9-9510-F8751CCEFFD5}"
EndProject
Project("{9A19103F-16F7-4668-BE54-9A1E7A4F7556}") = "Mango.Web", "Mango.Web\Mango.Web.csproj", "{EDECBE28-9402-4BAD-887A-017380345B26}"
EndProject
Project("{9A19103F-16F7-4668-BE54-9A1E7A4F7556}") = "Mango.Services.AuthAPI", "Mango.Services.AuthAPI\Mango.Services.AuthAPI.csproj", "{2E3014AB-1010-4E65-9B0C-4306AC2E0F42}"
EndProject
Project("{9A19103F-16F7-4668-BE54-9A1E7A4F7556}") = "Mango.Services.ProductAPI", "Mango.Services.ProductAPI\Mango.Services.ProductAPI.csproj", "{18D22CFE-4DD4-4815-A6B6-BA87983340DF}"
EndProject
Project("{9A19103F-16F7-4668-BE54-9A1E7A4F7556}") = "Mango.Services.ShoppingCartAPI", "Mango.Services.ShoppingCartAPI\Mango.Services.ShoppingCartAPI.csproj", "{F4F07621-601E-4849-898D-055BA0B1A4FE}"
EndProject
Project("{9A19103F-16F7-4668-BE54-9A1E7A4F7556}") = "Mango.MessageBus", "Mango.MessageBus\Mango.MessageBus.csproj", "{20F18300-8407-4143-8080-9A7196F95269}"
EndProject
Project("{9A19103F-16F7-4668-BE54-9A1E7A4F7556}") = "Mango.Services.EmailAPI", "Mango.Services.EmailAPI\Mango.Services.EmailAPI.csproj", "{485A10A5-C4DB-4B50-A0AE-529E1C6F9AEE}"
EndProject
Project("{9A19103F-16F7-4668-BE54-9A1E7A4F7556}") = "Mango.Services.OrderAPI", "Mango.Services.OrderAPI\Mango.Services.OrderAPI.csproj", "{AB33B297-3EE1-42A7-AF90-956659FD91A3}"
EndProject
Project("{FAE04EC0-301F-11D3-BF4B-00C04F79EFBC}") = "Mango.Services.RewardAPI", "Mango.Services.RewardAPI\Mango.Services.RewardAPI.csproj", "{D4C19E89-771B-43CF-B338-96FE0A7811B5}"
EndProject
Global
	GlobalSection(SolutionConfigurationPlatforms) = preSolution
		Debug|Any CPU = Debug|Any CPU
		Release|Any CPU = Release|Any CPU
	EndGlobalSection
	GlobalSection(ProjectConfigurationPlatforms) = postSolution
		{AB8EAA32-4046-4EB9-9510-F8751CCEFFD5}.Debug|Any CPU.ActiveCfg = Debug|Any CPU
		{AB8EAA32-4046-4EB9-9510-F8751CCEFFD5}.Debug|Any CPU.Build.0 = Debug|Any CPU
		{AB8EAA32-4046-4EB9-9510-F8751CCEFFD5}.Release|Any CPU.ActiveCfg = Release|Any CPU
		{AB8EAA32-4046-4EB9-9510-F8751CCEFFD5}.Release|Any CPU.Build.0 = Release|Any CPU
		{EDECBE28-9402-4BAD-887A-017380345B26}.Debug|Any CPU.ActiveCfg = Debug|Any CPU
		{EDECBE28-9402-4BAD-887A-017380345B26}.Debug|Any CPU.Build.0 = Debug|Any CPU
		{EDECBE28-9402-4BAD-887A-017380345B26}.Release|Any CPU.ActiveCfg = Release|Any CPU
		{EDECBE28-9402-4BAD-887A-017380345B26}.Release|Any CPU.Build.0 = Release|Any CPU
		{2E3014AB-1010-4E65-9B0C-4306AC2E0F42}.Debug|Any CPU.ActiveCfg = Debug|Any CPU
		{2E3014AB-1010-4E65-9B0C-4306AC2E0F42}.Debug|Any CPU.Build.0 = Debug|Any CPU
		{2E3014AB-1010-4E65-9B0C-4306AC2E0F42}.Release|Any CPU.ActiveCfg = Release|Any CPU
		{2E3014AB-1010-4E65-9B0C-4306AC2E0F42}.Release|Any CPU.Build.0 = Release|Any CPU
		{18D22CFE-4DD4-4815-A6B6-BA87983340DF}.Debug|Any CPU.ActiveCfg = Debug|Any CPU
		{18D22CFE-4DD4-4815-A6B6-BA87983340DF}.Debug|Any CPU.Build.0 = Debug|Any CPU
		{18D22CFE-4DD4-4815-A6B6-BA87983340DF}.Release|Any CPU.ActiveCfg = Release|Any CPU
		{18D22CFE-4DD4-4815-A6B6-BA87983340DF}.Release|Any CPU.Build.0 = Release|Any CPU
		{F4F07621-601E-4849-898D-055BA0B1A4FE}.Debug|Any CPU.ActiveCfg = Debug|Any CPU
		{F4F07621-601E-4849-898D-055BA0B1A4FE}.Debug|Any CPU.Build.0 = Debug|Any CPU
		{F4F07621-601E-4849-898D-055BA0B1A4FE}.Release|Any CPU.ActiveCfg = Release|Any CPU
		{F4F07621-601E-4849-898D-055BA0B1A4FE}.Release|Any CPU.Build.0 = Release|Any CPU
		{20F18300-8407-4143-8080-9A7196F95269}.Debug|Any CPU.ActiveCfg = Debug|Any CPU
		{20F18300-8407-4143-8080-9A7196F95269}.Debug|Any CPU.Build.0 = Debug|Any CPU
		{20F18300-8407-4143-8080-9A7196F95269}.Release|Any CPU.ActiveCfg = Release|Any CPU
		{20F18300-8407-4143-8080-9A7196F95269}.Release|Any CPU.Build.0 = Release|Any CPU
		{485A10A5-C4DB-4B50-A0AE-529E1C6F9AEE}.Debug|Any CPU.ActiveCfg = Debug|Any CPU
		{485A10A5-C4DB-4B50-A0AE-529E1C6F9AEE}.Debug|Any CPU.Build.0 = Debug|Any CPU
		{485A10A5-C4DB-4B50-A0AE-529E1C6F9AEE}.Release|Any CPU.ActiveCfg = Release|Any CPU
		{485A10A5-C4DB-4B50-A0AE-529E1C6F9AEE}.Release|Any CPU.Build.0 = Release|Any CPU
		{AB33B297-3EE1-42A7-AF90-956659FD91A3}.Debug|Any CPU.ActiveCfg = Debug|Any CPU
		{AB33B297-3EE1-42A7-AF90-956659FD91A3}.Debug|Any CPU.Build.0 = Debug|Any CPU
		{AB33B297-3EE1-42A7-AF90-956659FD91A3}.Release|Any CPU.ActiveCfg = Release|Any CPU
		{AB33B297-3EE1-42A7-AF90-956659FD91A3}.Release|Any CPU.Build.0 = Release|Any CPU
		{D4C19E89-771B-43CF-B338-96FE0A7811B5}.Debug|Any CPU.ActiveCfg = Debug|Any CPU
		{D4C19E89-771B-43CF-B338-96FE0A7811B5}.Debug|Any CPU.Build.0 = Debug|Any CPU
		{D4C19E89-771B-43CF-B338-96FE0A7811B5}.Release|Any CPU.ActiveCfg = Release|Any CPU
		{D4C19E89-771B-43CF-B338-96FE0A7811B5}.Release|Any CPU.Build.0 = Release|Any CPU
	EndGlobalSection
	GlobalSection(SolutionProperties) = preSolution
		HideSolutionNode = FALSE
	EndGlobalSection
	GlobalSection(NestedProjects) = preSolution
		{AB8EAA32-4046-4EB9-9510-F8751CCEFFD5} = {3DDCA9F7-5400-4CDE-AE1D-FCC04A9CE461}
		{EDECBE28-9402-4BAD-887A-017380345B26} = {D3547966-7360-42F0-BBB6-6BCC6251573C}
		{2E3014AB-1010-4E65-9B0C-4306AC2E0F42} = {3DDCA9F7-5400-4CDE-AE1D-FCC04A9CE461}
		{18D22CFE-4DD4-4815-A6B6-BA87983340DF} = {3DDCA9F7-5400-4CDE-AE1D-FCC04A9CE461}
		{F4F07621-601E-4849-898D-055BA0B1A4FE} = {3DDCA9F7-5400-4CDE-AE1D-FCC04A9CE461}
		{20F18300-8407-4143-8080-9A7196F95269} = {F83055E9-EF47-4A6E-8C06-3CBBAE425B81}
		{485A10A5-C4DB-4B50-A0AE-529E1C6F9AEE} = {3DDCA9F7-5400-4CDE-AE1D-FCC04A9CE461}
		{AB33B297-3EE1-42A7-AF90-956659FD91A3} = {3DDCA9F7-5400-4CDE-AE1D-FCC04A9CE461}
		{D4C19E89-771B-43CF-B338-96FE0A7811B5} = {3DDCA9F7-5400-4CDE-AE1D-FCC04A9CE461}
	EndGlobalSection
	GlobalSection(ExtensibilityGlobals) = postSolution
		SolutionGuid = {8574931A-755D-423A-B077-9EB25BA2F96F}
	EndGlobalSection
EndGlobal
